// !$*UTF8*$!
{
	archiveVersion = 1;
	classes = {
	};
	objectVersion = 56;
	objects = {

/* Begin PBXBuildFile section */
		D04493D02BB2082A00BEF58A /* SwiftfulThinkingConcurrencyApp.swift in Sources */ = {isa = PBXBuildFile; fileRef = D04493CF2BB2082A00BEF58A /* SwiftfulThinkingConcurrencyApp.swift */; };
		D04493D42BB2082B00BEF58A /* Assets.xcassets in Resources */ = {isa = PBXBuildFile; fileRef = D04493D32BB2082B00BEF58A /* Assets.xcassets */; };
		D04493D72BB2082B00BEF58A /* Preview Assets.xcassets in Resources */ = {isa = PBXBuildFile; fileRef = D04493D62BB2082B00BEF58A /* Preview Assets.xcassets */; };
		D04493E12BB2082B00BEF58A /* SwiftfulThinkingConcurrencyTests.swift in Sources */ = {isa = PBXBuildFile; fileRef = D04493E02BB2082B00BEF58A /* SwiftfulThinkingConcurrencyTests.swift */; };
		D04493EB2BB2082B00BEF58A /* SwiftfulThinkingConcurrencyUITests.swift in Sources */ = {isa = PBXBuildFile; fileRef = D04493EA2BB2082B00BEF58A /* SwiftfulThinkingConcurrencyUITests.swift */; };
		D04493ED2BB2082B00BEF58A /* SwiftfulThinkingConcurrencyUITestsLaunchTests.swift in Sources */ = {isa = PBXBuildFile; fileRef = D04493EC2BB2082B00BEF58A /* SwiftfulThinkingConcurrencyUITestsLaunchTests.swift */; };
		D04493FA2BB2096300BEF58A /* DoCatchTryThrowsBootcamp.swift in Sources */ = {isa = PBXBuildFile; fileRef = D04493F92BB2096300BEF58A /* DoCatchTryThrowsBootcamp.swift */; };
		D04493FC2BB213DD00BEF58A /* DownloadImageAsync.swift in Sources */ = {isa = PBXBuildFile; fileRef = D04493FB2BB213DD00BEF58A /* DownloadImageAsync.swift */; };
		D04493FE2BB21F4400BEF58A /* AsyncAwaitBootcamp.swift in Sources */ = {isa = PBXBuildFile; fileRef = D04493FD2BB21F4400BEF58A /* AsyncAwaitBootcamp.swift */; };
		D05B7A352CE2851400A52C14 /* ObservableBootcamp.swift in Sources */ = {isa = PBXBuildFile; fileRef = D05B7A342CE2851400A52C14 /* ObservableBootcamp.swift */; };
		D0B81CEE2BB4744000988CA6 /* AsyncLetBootcamp.swift in Sources */ = {isa = PBXBuildFile; fileRef = D0B81CED2BB4744000988CA6 /* AsyncLetBootcamp.swift */; };
		D0B81CF02BB4935000988CA6 /* TaskGroupBootcamp.swift in Sources */ = {isa = PBXBuildFile; fileRef = D0B81CEF2BB4935000988CA6 /* TaskGroupBootcamp.swift */; };
		D0B81CF22BB49F5100988CA6 /* CheckedContinuationBootcamp.swift in Sources */ = {isa = PBXBuildFile; fileRef = D0B81CF12BB49F5100988CA6 /* CheckedContinuationBootcamp.swift */; };
		D0B81CF42BB4AF1600988CA6 /* StructClassActorBootcamp.swift in Sources */ = {isa = PBXBuildFile; fileRef = D0B81CF32BB4AF1600988CA6 /* StructClassActorBootcamp.swift */; };
		D0B81CF62BB56C1E00988CA6 /* ActorsBootcamp.swift in Sources */ = {isa = PBXBuildFile; fileRef = D0B81CF52BB56C1E00988CA6 /* ActorsBootcamp.swift */; };
		D0B81CFA2BB5B35A00988CA6 /* GlobalActorBootcamp.swift in Sources */ = {isa = PBXBuildFile; fileRef = D0B81CF92BB5B35A00988CA6 /* GlobalActorBootcamp.swift */; };
		D0BDD0B32BB2B54300D589A3 /* TaskBootcamp.swift in Sources */ = {isa = PBXBuildFile; fileRef = D0BDD0B22BB2B54300D589A3 /* TaskBootcamp.swift */; };
/* End PBXBuildFile section */

/* Begin PBXContainerItemProxy section */
		D04493DD2BB2082B00BEF58A /* PBXContainerItemProxy */ = {
			isa = PBXContainerItemProxy;
			containerPortal = D04493C42BB2082A00BEF58A /* Project object */;
			proxyType = 1;
			remoteGlobalIDString = D04493CB2BB2082A00BEF58A;
			remoteInfo = SwiftfulThinkingConcurrency;
		};
		D04493E72BB2082B00BEF58A /* PBXContainerItemProxy */ = {
			isa = PBXContainerItemProxy;
			containerPortal = D04493C42BB2082A00BEF58A /* Project object */;
			proxyType = 1;
			remoteGlobalIDString = D04493CB2BB2082A00BEF58A;
			remoteInfo = SwiftfulThinkingConcurrency;
		};
/* End PBXContainerItemProxy section */

/* Begin PBXFileReference section */
		D04493CC2BB2082A00BEF58A /* SwiftfulThinkingConcurrency.app */ = {isa = PBXFileReference; explicitFileType = wrapper.application; includeInIndex = 0; path = SwiftfulThinkingConcurrency.app; sourceTree = BUILT_PRODUCTS_DIR; };
		D04493CF2BB2082A00BEF58A /* SwiftfulThinkingConcurrencyApp.swift */ = {isa = PBXFileReference; lastKnownFileType = sourcecode.swift; path = SwiftfulThinkingConcurrencyApp.swift; sourceTree = "<group>"; };
		D04493D32BB2082B00BEF58A /* Assets.xcassets */ = {isa = PBXFileReference; lastKnownFileType = folder.assetcatalog; path = Assets.xcassets; sourceTree = "<group>"; };
		D04493D62BB2082B00BEF58A /* Preview Assets.xcassets */ = {isa = PBXFileReference; lastKnownFileType = folder.assetcatalog; path = "Preview Assets.xcassets"; sourceTree = "<group>"; };
		D04493DC2BB2082B00BEF58A /* SwiftfulThinkingConcurrencyTests.xctest */ = {isa = PBXFileReference; explicitFileType = wrapper.cfbundle; includeInIndex = 0; path = SwiftfulThinkingConcurrencyTests.xctest; sourceTree = BUILT_PRODUCTS_DIR; };
		D04493E02BB2082B00BEF58A /* SwiftfulThinkingConcurrencyTests.swift */ = {isa = PBXFileReference; lastKnownFileType = sourcecode.swift; path = SwiftfulThinkingConcurrencyTests.swift; sourceTree = "<group>"; };
		D04493E62BB2082B00BEF58A /* SwiftfulThinkingConcurrencyUITests.xctest */ = {isa = PBXFileReference; explicitFileType = wrapper.cfbundle; includeInIndex = 0; path = SwiftfulThinkingConcurrencyUITests.xctest; sourceTree = BUILT_PRODUCTS_DIR; };
		D04493EA2BB2082B00BEF58A /* SwiftfulThinkingConcurrencyUITests.swift */ = {isa = PBXFileReference; lastKnownFileType = sourcecode.swift; path = SwiftfulThinkingConcurrencyUITests.swift; sourceTree = "<group>"; };
		D04493EC2BB2082B00BEF58A /* SwiftfulThinkingConcurrencyUITestsLaunchTests.swift */ = {isa = PBXFileReference; lastKnownFileType = sourcecode.swift; path = SwiftfulThinkingConcurrencyUITestsLaunchTests.swift; sourceTree = "<group>"; };
		D04493F92BB2096300BEF58A /* DoCatchTryThrowsBootcamp.swift */ = {isa = PBXFileReference; lastKnownFileType = sourcecode.swift; path = DoCatchTryThrowsBootcamp.swift; sourceTree = "<group>"; };
		D04493FB2BB213DD00BEF58A /* DownloadImageAsync.swift */ = {isa = PBXFileReference; lastKnownFileType = sourcecode.swift; path = DownloadImageAsync.swift; sourceTree = "<group>"; };
		D04493FD2BB21F4400BEF58A /* AsyncAwaitBootcamp.swift */ = {isa = PBXFileReference; lastKnownFileType = sourcecode.swift; path = AsyncAwaitBootcamp.swift; sourceTree = "<group>"; };
		D05B7A342CE2851400A52C14 /* ObservableBootcamp.swift */ = {isa = PBXFileReference; lastKnownFileType = sourcecode.swift; path = ObservableBootcamp.swift; sourceTree = "<group>"; };
		D0B81CED2BB4744000988CA6 /* AsyncLetBootcamp.swift */ = {isa = PBXFileReference; lastKnownFileType = sourcecode.swift; path = AsyncLetBootcamp.swift; sourceTree = "<group>"; };
		D0B81CEF2BB4935000988CA6 /* TaskGroupBootcamp.swift */ = {isa = PBXFileReference; lastKnownFileType = sourcecode.swift; path = TaskGroupBootcamp.swift; sourceTree = "<group>"; };
		D0B81CF12BB49F5100988CA6 /* CheckedContinuationBootcamp.swift */ = {isa = PBXFileReference; lastKnownFileType = sourcecode.swift; path = CheckedContinuationBootcamp.swift; sourceTree = "<group>"; };
		D0B81CF32BB4AF1600988CA6 /* StructClassActorBootcamp.swift */ = {isa = PBXFileReference; lastKnownFileType = sourcecode.swift; path = StructClassActorBootcamp.swift; sourceTree = "<group>"; };
		D0B81CF52BB56C1E00988CA6 /* ActorsBootcamp.swift */ = {isa = PBXFileReference; lastKnownFileType = sourcecode.swift; path = ActorsBootcamp.swift; sourceTree = "<group>"; };
		D0B81CF92BB5B35A00988CA6 /* GlobalActorBootcamp.swift */ = {isa = PBXFileReference; lastKnownFileType = sourcecode.swift; path = GlobalActorBootcamp.swift; sourceTree = "<group>"; };
		D0BDD0B22BB2B54300D589A3 /* TaskBootcamp.swift */ = {isa = PBXFileReference; lastKnownFileType = sourcecode.swift; path = TaskBootcamp.swift; sourceTree = "<group>"; };
/* End PBXFileReference section */

/* Begin PBXFrameworksBuildPhase section */
		D04493C92BB2082A00BEF58A /* Frameworks */ = {
			isa = PBXFrameworksBuildPhase;
			buildActionMask = 2147483647;
			files = (
			);
			runOnlyForDeploymentPostprocessing = 0;
		};
		D04493D92BB2082B00BEF58A /* Frameworks */ = {
			isa = PBXFrameworksBuildPhase;
			buildActionMask = 2147483647;
			files = (
			);
			runOnlyForDeploymentPostprocessing = 0;
		};
		D04493E32BB2082B00BEF58A /* Frameworks */ = {
			isa = PBXFrameworksBuildPhase;
			buildActionMask = 2147483647;
			files = (
			);
			runOnlyForDeploymentPostprocessing = 0;
		};
/* End PBXFrameworksBuildPhase section */

/* Begin PBXGroup section */
		D04493C32BB2082A00BEF58A = {
			isa = PBXGroup;
			children = (
				D04493CE2BB2082A00BEF58A /* SwiftfulThinkingConcurrency */,
				D04493DF2BB2082B00BEF58A /* SwiftfulThinkingConcurrencyTests */,
				D04493E92BB2082B00BEF58A /* SwiftfulThinkingConcurrencyUITests */,
				D04493CD2BB2082A00BEF58A /* Products */,
			);
			sourceTree = "<group>";
		};
		D04493CD2BB2082A00BEF58A /* Products */ = {
			isa = PBXGroup;
			children = (
				D04493CC2BB2082A00BEF58A /* SwiftfulThinkingConcurrency.app */,
				D04493DC2BB2082B00BEF58A /* SwiftfulThinkingConcurrencyTests.xctest */,
				D04493E62BB2082B00BEF58A /* SwiftfulThinkingConcurrencyUITests.xctest */,
			);
			name = Products;
			sourceTree = "<group>";
		};
		D04493CE2BB2082A00BEF58A /* SwiftfulThinkingConcurrency */ = {
			isa = PBXGroup;
			children = (
				D04493CF2BB2082A00BEF58A /* SwiftfulThinkingConcurrencyApp.swift */,
				D04493F92BB2096300BEF58A /* DoCatchTryThrowsBootcamp.swift */,
				D04493FB2BB213DD00BEF58A /* DownloadImageAsync.swift */,
				D04493FD2BB21F4400BEF58A /* AsyncAwaitBootcamp.swift */,
				D0BDD0B22BB2B54300D589A3 /* TaskBootcamp.swift */,
				D0B81CED2BB4744000988CA6 /* AsyncLetBootcamp.swift */,
				D0B81CEF2BB4935000988CA6 /* TaskGroupBootcamp.swift */,
				D0B81CF12BB49F5100988CA6 /* CheckedContinuationBootcamp.swift */,
				D0B81CF32BB4AF1600988CA6 /* StructClassActorBootcamp.swift */,
				D0B81CF52BB56C1E00988CA6 /* ActorsBootcamp.swift */,
				D0B81CF92BB5B35A00988CA6 /* GlobalActorBootcamp.swift */,
				D05B7A342CE2851400A52C14 /* ObservableBootcamp.swift */,
				D04493D52BB2082B00BEF58A /* Preview Content */,
			);
			path = SwiftfulThinkingConcurrency;
			sourceTree = "<group>";
		};
		D04493D52BB2082B00BEF58A /* Preview Content */ = {
			isa = PBXGroup;
			children = (
				D04493D32BB2082B00BEF58A /* Assets.xcassets */,
				D04493D62BB2082B00BEF58A /* Preview Assets.xcassets */,
			);
			path = "Preview Content";
			sourceTree = "<group>";
		};
		D04493DF2BB2082B00BEF58A /* SwiftfulThinkingConcurrencyTests */ = {
			isa = PBXGroup;
			children = (
				D04493E02BB2082B00BEF58A /* SwiftfulThinkingConcurrencyTests.swift */,
			);
			path = SwiftfulThinkingConcurrencyTests;
			sourceTree = "<group>";
		};
		D04493E92BB2082B00BEF58A /* SwiftfulThinkingConcurrencyUITests */ = {
			isa = PBXGroup;
			children = (
				D04493EA2BB2082B00BEF58A /* SwiftfulThinkingConcurrencyUITests.swift */,
				D04493EC2BB2082B00BEF58A /* SwiftfulThinkingConcurrencyUITestsLaunchTests.swift */,
			);
			path = SwiftfulThinkingConcurrencyUITests;
			sourceTree = "<group>";
		};
/* End PBXGroup section */

/* Begin PBXNativeTarget section */
		D04493CB2BB2082A00BEF58A /* SwiftfulThinkingConcurrency */ = {
			isa = PBXNativeTarget;
			buildConfigurationList = D04493F02BB2082B00BEF58A /* Build configuration list for PBXNativeTarget "SwiftfulThinkingConcurrency" */;
			buildPhases = (
				D04493C82BB2082A00BEF58A /* Sources */,
				D04493C92BB2082A00BEF58A /* Frameworks */,
				D04493CA2BB2082A00BEF58A /* Resources */,
			);
			buildRules = (
			);
			dependencies = (
			);
			name = SwiftfulThinkingConcurrency;
			productName = SwiftfulThinkingConcurrency;
			productReference = D04493CC2BB2082A00BEF58A /* SwiftfulThinkingConcurrency.app */;
			productType = "com.apple.product-type.application";
		};
		D04493DB2BB2082B00BEF58A /* SwiftfulThinkingConcurrencyTests */ = {
			isa = PBXNativeTarget;
			buildConfigurationList = D04493F32BB2082B00BEF58A /* Build configuration list for PBXNativeTarget "SwiftfulThinkingConcurrencyTests" */;
			buildPhases = (
				D04493D82BB2082B00BEF58A /* Sources */,
				D04493D92BB2082B00BEF58A /* Frameworks */,
				D04493DA2BB2082B00BEF58A /* Resources */,
			);
			buildRules = (
			);
			dependencies = (
				D04493DE2BB2082B00BEF58A /* PBXTargetDependency */,
			);
			name = SwiftfulThinkingConcurrencyTests;
			productName = SwiftfulThinkingConcurrencyTests;
			productReference = D04493DC2BB2082B00BEF58A /* SwiftfulThinkingConcurrencyTests.xctest */;
			productType = "com.apple.product-type.bundle.unit-test";
		};
		D04493E52BB2082B00BEF58A /* SwiftfulThinkingConcurrencyUITests */ = {
			isa = PBXNativeTarget;
			buildConfigurationList = D04493F62BB2082B00BEF58A /* Build configuration list for PBXNativeTarget "SwiftfulThinkingConcurrencyUITests" */;
			buildPhases = (
				D04493E22BB2082B00BEF58A /* Sources */,
				D04493E32BB2082B00BEF58A /* Frameworks */,
				D04493E42BB2082B00BEF58A /* Resources */,
			);
			buildRules = (
			);
			dependencies = (
				D04493E82BB2082B00BEF58A /* PBXTargetDependency */,
			);
			name = SwiftfulThinkingConcurrencyUITests;
			productName = SwiftfulThinkingConcurrencyUITests;
			productReference = D04493E62BB2082B00BEF58A /* SwiftfulThinkingConcurrencyUITests.xctest */;
			productType = "com.apple.product-type.bundle.ui-testing";
		};
/* End PBXNativeTarget section */

/* Begin PBXProject section */
		D04493C42BB2082A00BEF58A /* Project object */ = {
			isa = PBXProject;
			attributes = {
				BuildIndependentTargetsInParallel = 1;
				LastSwiftUpdateCheck = 1520;
				LastUpgradeCheck = 1520;
				TargetAttributes = {
					D04493CB2BB2082A00BEF58A = {
						CreatedOnToolsVersion = 15.2;
					};
					D04493DB2BB2082B00BEF58A = {
						CreatedOnToolsVersion = 15.2;
						TestTargetID = D04493CB2BB2082A00BEF58A;
					};
					D04493E52BB2082B00BEF58A = {
						CreatedOnToolsVersion = 15.2;
						TestTargetID = D04493CB2BB2082A00BEF58A;
					};
				};
			};
			buildConfigurationList = D04493C72BB2082A00BEF58A /* Build configuration list for PBXProject "SwiftfulThinkingConcurrency" */;
			compatibilityVersion = "Xcode 14.0";
			developmentRegion = en;
			hasScannedForEncodings = 0;
			knownRegions = (
				en,
				Base,
			);
			mainGroup = D04493C32BB2082A00BEF58A;
			productRefGroup = D04493CD2BB2082A00BEF58A /* Products */;
			projectDirPath = "";
			projectRoot = "";
			targets = (
				D04493CB2BB2082A00BEF58A /* SwiftfulThinkingConcurrency */,
				D04493DB2BB2082B00BEF58A /* SwiftfulThinkingConcurrencyTests */,
				D04493E52BB2082B00BEF58A /* SwiftfulThinkingConcurrencyUITests */,
			);
		};
/* End PBXProject section */

/* Begin PBXResourcesBuildPhase section */
		D04493CA2BB2082A00BEF58A /* Resources */ = {
			isa = PBXResourcesBuildPhase;
			buildActionMask = 2147483647;
			files = (
				D04493D72BB2082B00BEF58A /* Preview Assets.xcassets in Resources */,
				D04493D42BB2082B00BEF58A /* Assets.xcassets in Resources */,
			);
			runOnlyForDeploymentPostprocessing = 0;
		};
		D04493DA2BB2082B00BEF58A /* Resources */ = {
			isa = PBXResourcesBuildPhase;
			buildActionMask = 2147483647;
			files = (
			);
			runOnlyForDeploymentPostprocessing = 0;
		};
		D04493E42BB2082B00BEF58A /* Resources */ = {
			isa = PBXResourcesBuildPhase;
			buildActionMask = 2147483647;
			files = (
			);
			runOnlyForDeploymentPostprocessing = 0;
		};
/* End PBXResourcesBuildPhase section */

/* Begin PBXSourcesBuildPhase section */
		D04493C82BB2082A00BEF58A /* Sources */ = {
			isa = PBXSourcesBuildPhase;
			buildActionMask = 2147483647;
			files = (
				D04493FE2BB21F4400BEF58A /* AsyncAwaitBootcamp.swift in Sources */,
				D0B81CF22BB49F5100988CA6 /* CheckedContinuationBootcamp.swift in Sources */,
				D0B81CF62BB56C1E00988CA6 /* ActorsBootcamp.swift in Sources */,
				D0B81CF42BB4AF1600988CA6 /* StructClassActorBootcamp.swift in Sources */,
				D0BDD0B32BB2B54300D589A3 /* TaskBootcamp.swift in Sources */,
				D04493FA2BB2096300BEF58A /* DoCatchTryThrowsBootcamp.swift in Sources */,
				D04493FC2BB213DD00BEF58A /* DownloadImageAsync.swift in Sources */,
				D0B81CF02BB4935000988CA6 /* TaskGroupBootcamp.swift in Sources */,
				D04493D02BB2082A00BEF58A /* SwiftfulThinkingConcurrencyApp.swift in Sources */,
				D05B7A352CE2851400A52C14 /* ObservableBootcamp.swift in Sources */,
				D0B81CFA2BB5B35A00988CA6 /* GlobalActorBootcamp.swift in Sources */,
				D0B81CEE2BB4744000988CA6 /* AsyncLetBootcamp.swift in Sources */,
			);
			runOnlyForDeploymentPostprocessing = 0;
		};
		D04493D82BB2082B00BEF58A /* Sources */ = {
			isa = PBXSourcesBuildPhase;
			buildActionMask = 2147483647;
			files = (
				D04493E12BB2082B00BEF58A /* SwiftfulThinkingConcurrencyTests.swift in Sources */,
			);
			runOnlyForDeploymentPostprocessing = 0;
		};
		D04493E22BB2082B00BEF58A /* Sources */ = {
			isa = PBXSourcesBuildPhase;
			buildActionMask = 2147483647;
			files = (
				D04493ED2BB2082B00BEF58A /* SwiftfulThinkingConcurrencyUITestsLaunchTests.swift in Sources */,
				D04493EB2BB2082B00BEF58A /* SwiftfulThinkingConcurrencyUITests.swift in Sources */,
			);
			runOnlyForDeploymentPostprocessing = 0;
		};
/* End PBXSourcesBuildPhase section */

/* Begin PBXTargetDependency section */
		D04493DE2BB2082B00BEF58A /* PBXTargetDependency */ = {
			isa = PBXTargetDependency;
			target = D04493CB2BB2082A00BEF58A /* SwiftfulThinkingConcurrency */;
			targetProxy = D04493DD2BB2082B00BEF58A /* PBXContainerItemProxy */;
		};
		D04493E82BB2082B00BEF58A /* PBXTargetDependency */ = {
			isa = PBXTargetDependency;
			target = D04493CB2BB2082A00BEF58A /* SwiftfulThinkingConcurrency */;
			targetProxy = D04493E72BB2082B00BEF58A /* PBXContainerItemProxy */;
		};
/* End PBXTargetDependency section */

/* Begin XCBuildConfiguration section */
		D04493EE2BB2082B00BEF58A /* Debug */ = {
			isa = XCBuildConfiguration;
			buildSettings = {
				ALWAYS_SEARCH_USER_PATHS = NO;
				ASSETCATALOG_COMPILER_GENERATE_SWIFT_ASSET_SYMBOL_EXTENSIONS = YES;
				CLANG_ANALYZER_NONNULL = YES;
				CLANG_ANALYZER_NUMBER_OBJECT_CONVERSION = YES_AGGRESSIVE;
				CLANG_CXX_LANGUAGE_STANDARD = "gnu++20";
				CLANG_ENABLE_MODULES = YES;
				CLANG_ENABLE_OBJC_ARC = YES;
				CLANG_ENABLE_OBJC_WEAK = YES;
				CLANG_WARN_BLOCK_CAPTURE_AUTORELEASING = YES;
				CLANG_WARN_BOOL_CONVERSION = YES;
				CLANG_WARN_COMMA = YES;
				CLANG_WARN_CONSTANT_CONVERSION = YES;
				CLANG_WARN_DEPRECATED_OBJC_IMPLEMENTATIONS = YES;
				CLANG_WARN_DIRECT_OBJC_ISA_USAGE = YES_ERROR;
				CLANG_WARN_DOCUMENTATION_COMMENTS = YES;
				CLANG_WARN_EMPTY_BODY = YES;
				CLANG_WARN_ENUM_CONVERSION = YES;
				CLANG_WARN_INFINITE_RECURSION = YES;
				CLANG_WARN_INT_CONVERSION = YES;
				CLANG_WARN_NON_LITERAL_NULL_CONVERSION = YES;
				CLANG_WARN_OBJC_IMPLICIT_RETAIN_SELF = YES;
				CLANG_WARN_OBJC_LITERAL_CONVERSION = YES;
				CLANG_WARN_OBJC_ROOT_CLASS = YES_ERROR;
				CLANG_WARN_QUOTED_INCLUDE_IN_FRAMEWORK_HEADER = YES;
				CLANG_WARN_RANGE_LOOP_ANALYSIS = YES;
				CLANG_WARN_STRICT_PROTOTYPES = YES;
				CLANG_WARN_SUSPICIOUS_MOVE = YES;
				CLANG_WARN_UNGUARDED_AVAILABILITY = YES_AGGRESSIVE;
				CLANG_WARN_UNREACHABLE_CODE = YES;
				CLANG_WARN__DUPLICATE_METHOD_MATCH = YES;
				COPY_PHASE_STRIP = NO;
				DEBUG_INFORMATION_FORMAT = dwarf;
				ENABLE_STRICT_OBJC_MSGSEND = YES;
				ENABLE_TESTABILITY = YES;
				ENABLE_USER_SCRIPT_SANDBOXING = YES;
				GCC_C_LANGUAGE_STANDARD = gnu17;
				GCC_DYNAMIC_NO_PIC = NO;
				GCC_NO_COMMON_BLOCKS = YES;
				GCC_OPTIMIZATION_LEVEL = 0;
				GCC_PREPROCESSOR_DEFINITIONS = (
					"DEBUG=1",
					"$(inherited)",
				);
				GCC_WARN_64_TO_32_BIT_CONVERSION = YES;
				GCC_WARN_ABOUT_RETURN_TYPE = YES_ERROR;
				GCC_WARN_UNDECLARED_SELECTOR = YES;
				GCC_WARN_UNINITIALIZED_AUTOS = YES_AGGRESSIVE;
				GCC_WARN_UNUSED_FUNCTION = YES;
				GCC_WARN_UNUSED_VARIABLE = YES;
				IPHONEOS_DEPLOYMENT_TARGET = 17.2;
				LOCALIZATION_PREFERS_STRING_CATALOGS = YES;
				MTL_ENABLE_DEBUG_INFO = INCLUDE_SOURCE;
				MTL_FAST_MATH = YES;
				ONLY_ACTIVE_ARCH = YES;
				SDKROOT = iphoneos;
				SWIFT_ACTIVE_COMPILATION_CONDITIONS = "DEBUG $(inherited)";
				SWIFT_OPTIMIZATION_LEVEL = "-Onone";
			};
			name = Debug;
		};
		D04493EF2BB2082B00BEF58A /* Release */ = {
			isa = XCBuildConfiguration;
			buildSettings = {
				ALWAYS_SEARCH_USER_PATHS = NO;
				ASSETCATALOG_COMPILER_GENERATE_SWIFT_ASSET_SYMBOL_EXTENSIONS = YES;
				CLANG_ANALYZER_NONNULL = YES;
				CLANG_ANALYZER_NUMBER_OBJECT_CONVERSION = YES_AGGRESSIVE;
				CLANG_CXX_LANGUAGE_STANDARD = "gnu++20";
				CLANG_ENABLE_MODULES = YES;
				CLANG_ENABLE_OBJC_ARC = YES;
				CLANG_ENABLE_OBJC_WEAK = YES;
				CLANG_WARN_BLOCK_CAPTURE_AUTORELEASING = YES;
				CLANG_WARN_BOOL_CONVERSION = YES;
				CLANG_WARN_COMMA = YES;
				CLANG_WARN_CONSTANT_CONVERSION = YES;
				CLANG_WARN_DEPRECATED_OBJC_IMPLEMENTATIONS = YES;
				CLANG_WARN_DIRECT_OBJC_ISA_USAGE = YES_ERROR;
				CLANG_WARN_DOCUMENTATION_COMMENTS = YES;
				CLANG_WARN_EMPTY_BODY = YES;
				CLANG_WARN_ENUM_CONVERSION = YES;
				CLANG_WARN_INFINITE_RECURSION = YES;
				CLANG_WARN_INT_CONVERSION = YES;
				CLANG_WARN_NON_LITERAL_NULL_CONVERSION = YES;
				CLANG_WARN_OBJC_IMPLICIT_RETAIN_SELF = YES;
				CLANG_WARN_OBJC_LITERAL_CONVERSION = YES;
				CLANG_WARN_OBJC_ROOT_CLASS = YES_ERROR;
				CLANG_WARN_QUOTED_INCLUDE_IN_FRAMEWORK_HEADER = YES;
				CLANG_WARN_RANGE_LOOP_ANALYSIS = YES;
				CLANG_WARN_STRICT_PROTOTYPES = YES;
				CLANG_WARN_SUSPICIOUS_MOVE = YES;
				CLANG_WARN_UNGUARDED_AVAILABILITY = YES_AGGRESSIVE;
				CLANG_WARN_UNREACHABLE_CODE = YES;
				CLANG_WARN__DUPLICATE_METHOD_MATCH = YES;
				COPY_PHASE_STRIP = NO;
				DEBUG_INFORMATION_FORMAT = "dwarf-with-dsym";
				ENABLE_NS_ASSERTIONS = NO;
				ENABLE_STRICT_OBJC_MSGSEND = YES;
				ENABLE_USER_SCRIPT_SANDBOXING = YES;
				GCC_C_LANGUAGE_STANDARD = gnu17;
				GCC_NO_COMMON_BLOCKS = YES;
				GCC_WARN_64_TO_32_BIT_CONVERSION = YES;
				GCC_WARN_ABOUT_RETURN_TYPE = YES_ERROR;
				GCC_WARN_UNDECLARED_SELECTOR = YES;
				GCC_WARN_UNINITIALIZED_AUTOS = YES_AGGRESSIVE;
				GCC_WARN_UNUSED_FUNCTION = YES;
				GCC_WARN_UNUSED_VARIABLE = YES;
				IPHONEOS_DEPLOYMENT_TARGET = 17.2;
				LOCALIZATION_PREFERS_STRING_CATALOGS = YES;
				MTL_ENABLE_DEBUG_INFO = NO;
				MTL_FAST_MATH = YES;
				SDKROOT = iphoneos;
				SWIFT_COMPILATION_MODE = wholemodule;
				VALIDATE_PRODUCT = YES;
			};
			name = Release;
		};
		D04493F12BB2082B00BEF58A /* Debug */ = {
			isa = XCBuildConfiguration;
			buildSettings = {
				ASSETCATALOG_COMPILER_APPICON_NAME = AppIcon;
				ASSETCATALOG_COMPILER_GLOBAL_ACCENT_COLOR_NAME = AccentColor;
				CODE_SIGN_STYLE = Automatic;
				CURRENT_PROJECT_VERSION = 1;
				DEVELOPMENT_ASSET_PATHS = "\"SwiftfulThinkingConcurrency/Preview Content\"";
				DEVELOPMENT_TEAM = JRSAMZW6G9;
				ENABLE_PREVIEWS = YES;
				GENERATE_INFOPLIST_FILE = YES;
				INFOPLIST_KEY_UIApplicationSceneManifest_Generation = YES;
				INFOPLIST_KEY_UIApplicationSupportsIndirectInputEvents = YES;
				INFOPLIST_KEY_UILaunchScreen_Generation = YES;
				INFOPLIST_KEY_UISupportedInterfaceOrientations_iPad = "UIInterfaceOrientationPortrait UIInterfaceOrientationPortraitUpsideDown UIInterfaceOrientationLandscapeLeft UIInterfaceOrientationLandscapeRight";
				INFOPLIST_KEY_UISupportedInterfaceOrientations_iPhone = "UIInterfaceOrientationPortrait UIInterfaceOrientationLandscapeLeft UIInterfaceOrientationLandscapeRight";
				LD_RUNPATH_SEARCH_PATHS = (
					"$(inherited)",
					"@executable_path/Frameworks",
				);
				MARKETING_VERSION = 1.0;
				PRODUCT_BUNDLE_IDENTIFIER = com.pavlobezkorovainyi.SwiftfulThinkingConcurrency;
				PRODUCT_NAME = "$(TARGET_NAME)";
				SWIFT_EMIT_LOC_STRINGS = YES;
				SWIFT_VERSION = 5.0;
				TARGETED_DEVICE_FAMILY = "1,2";
			};
			name = Debug;
		};
		D04493F22BB2082B00BEF58A /* Release */ = {
			isa = XCBuildConfiguration;
			buildSettings = {
				ASSETCATALOG_COMPILER_APPICON_NAME = AppIcon;
				ASSETCATALOG_COMPILER_GLOBAL_ACCENT_COLOR_NAME = AccentColor;
				CODE_SIGN_STYLE = Automatic;
				CURRENT_PROJECT_VERSION = 1;
				DEVELOPMENT_ASSET_PATHS = "\"SwiftfulThinkingConcurrency/Preview Content\"";
				DEVELOPMENT_TEAM = JRSAMZW6G9;
				ENABLE_PREVIEWS = YES;
				GENERATE_INFOPLIST_FILE = YES;
				INFOPLIST_KEY_UIApplicationSceneManifest_Generation = YES;
				INFOPLIST_KEY_UIApplicationSupportsIndirectInputEvents = YES;
				INFOPLIST_KEY_UILaunchScreen_Generation = YES;
				INFOPLIST_KEY_UISupportedInterfaceOrientations_iPad = "UIInterfaceOrientationPortrait UIInterfaceOrientationPortraitUpsideDown UIInterfaceOrientationLandscapeLeft UIInterfaceOrientationLandscapeRight";
				INFOPLIST_KEY_UISupportedInterfaceOrientations_iPhone = "UIInterfaceOrientationPortrait UIInterfaceOrientationLandscapeLeft UIInterfaceOrientationLandscapeRight";
				LD_RUNPATH_SEARCH_PATHS = (
					"$(inherited)",
					"@executable_path/Frameworks",
				);
				MARKETING_VERSION = 1.0;
				PRODUCT_BUNDLE_IDENTIFIER = com.pavlobezkorovainyi.SwiftfulThinkingConcurrency;
				PRODUCT_NAME = "$(TARGET_NAME)";
				SWIFT_EMIT_LOC_STRINGS = YES;
				SWIFT_VERSION = 5.0;
				TARGETED_DEVICE_FAMILY = "1,2";
			};
			name = Release;
		};
		D04493F42BB2082B00BEF58A /* Debug */ = {
			isa = XCBuildConfiguration;
			buildSettings = {
				ALWAYS_EMBED_SWIFT_STANDARD_LIBRARIES = YES;
				BUNDLE_LOADER = "$(TEST_HOST)";
				CODE_SIGN_STYLE = Automatic;
				CURRENT_PROJECT_VERSION = 1;
				DEVELOPMENT_TEAM = JRSAMZW6G9;
				GENERATE_INFOPLIST_FILE = YES;
				IPHONEOS_DEPLOYMENT_TARGET = 17.2;
				MARKETING_VERSION = 1.0;
				PRODUCT_BUNDLE_IDENTIFIER = com.pavlobezkorovainyi.SwiftfulThinkingConcurrencyTests;
				PRODUCT_NAME = "$(TARGET_NAME)";
				SWIFT_EMIT_LOC_STRINGS = NO;
				SWIFT_VERSION = 5.0;
				TARGETED_DEVICE_FAMILY = "1,2";
				TEST_HOST = "$(BUILT_PRODUCTS_DIR)/SwiftfulThinkingConcurrency.app/$(BUNDLE_EXECUTABLE_FOLDER_PATH)/SwiftfulThinkingConcurrency";
			};
			name = Debug;
		};
		D04493F52BB2082B00BEF58A /* Release */ = {
			isa = XCBuildConfiguration;
			buildSettings = {
				ALWAYS_EMBED_SWIFT_STANDARD_LIBRARIES = YES;
				BUNDLE_LOADER = "$(TEST_HOST)";
				CODE_SIGN_STYLE = Automatic;
				CURRENT_PROJECT_VERSION = 1;
				DEVELOPMENT_TEAM = JRSAMZW6G9;
				GENERATE_INFOPLIST_FILE = YES;
				IPHONEOS_DEPLOYMENT_TARGET = 17.2;
				MARKETING_VERSION = 1.0;
				PRODUCT_BUNDLE_IDENTIFIER = com.pavlobezkorovainyi.SwiftfulThinkingConcurrencyTests;
				PRODUCT_NAME = "$(TARGET_NAME)";
				SWIFT_EMIT_LOC_STRINGS = NO;
				SWIFT_VERSION = 5.0;
				TARGETED_DEVICE_FAMILY = "1,2";
				TEST_HOST = "$(BUILT_PRODUCTS_DIR)/SwiftfulThinkingConcurrency.app/$(BUNDLE_EXECUTABLE_FOLDER_PATH)/SwiftfulThinkingConcurrency";
			};
			name = Release;
		};
		D04493F72BB2082B00BEF58A /* Debug */ = {
			isa = XCBuildConfiguration;
			buildSettings = {
				ALWAYS_EMBED_SWIFT_STANDARD_LIBRARIES = YES;
				CODE_SIGN_STYLE = Automatic;
				CURRENT_PROJECT_VERSION = 1;
				DEVELOPMENT_TEAM = JRSAMZW6G9;
				GENERATE_INFOPLIST_FILE = YES;
				MARKETING_VERSION = 1.0;
				PRODUCT_BUNDLE_IDENTIFIER = com.pavlobezkorovainyi.SwiftfulThinkingConcurrencyUITests;
				PRODUCT_NAME = "$(TARGET_NAME)";
				SWIFT_EMIT_LOC_STRINGS = NO;
				SWIFT_VERSION = 5.0;
				TARGETED_DEVICE_FAMILY = "1,2";
				TEST_TARGET_NAME = SwiftfulThinkingConcurrency;
			};
			name = Debug;
		};
		D04493F82BB2082B00BEF58A /* Release */ = {
			isa = XCBuildConfiguration;
			buildSettings = {
				ALWAYS_EMBED_SWIFT_STANDARD_LIBRARIES = YES;
				CODE_SIGN_STYLE = Automatic;
				CURRENT_PROJECT_VERSION = 1;
				DEVELOPMENT_TEAM = JRSAMZW6G9;
				GENERATE_INFOPLIST_FILE = YES;
				MARKETING_VERSION = 1.0;
				PRODUCT_BUNDLE_IDENTIFIER = com.pavlobezkorovainyi.SwiftfulThinkingConcurrencyUITests;
				PRODUCT_NAME = "$(TARGET_NAME)";
				SWIFT_EMIT_LOC_STRINGS = NO;
				SWIFT_VERSION = 5.0;
				TARGETED_DEVICE_FAMILY = "1,2";
				TEST_TARGET_NAME = SwiftfulThinkingConcurrency;
			};
			name = Release;
		};
/* End XCBuildConfiguration section */

/* Begin XCConfigurationList section */
		D04493C72BB2082A00BEF58A /* Build configuration list for PBXProject "SwiftfulThinkingConcurrency" */ = {
			isa = XCConfigurationList;
			buildConfigurations = (
				D04493EE2BB2082B00BEF58A /* Debug */,
				D04493EF2BB2082B00BEF58A /* Release */,
			);
			defaultConfigurationIsVisible = 0;
			defaultConfigurationName = Release;
		};
		D04493F02BB2082B00BEF58A /* Build configuration list for PBXNativeTarget "SwiftfulThinkingConcurrency" */ = {
			isa = XCConfigurationList;
			buildConfigurations = (
				D04493F12BB2082B00BEF58A /* Debug */,
				D04493F22BB2082B00BEF58A /* Release */,
			);
			defaultConfigurationIsVisible = 0;
			defaultConfigurationName = Release;
		};
		D04493F32BB2082B00BEF58A /* Build configuration list for PBXNativeTarget "SwiftfulThinkingConcurrencyTests" */ = {
			isa = XCConfigurationList;
			buildConfigurations = (
				D04493F42BB2082B00BEF58A /* Debug */,
				D04493F52BB2082B00BEF58A /* Release */,
			);
			defaultConfigurationIsVisible = 0;
			defaultConfigurationName = Release;
		};
		D04493F62BB2082B00BEF58A /* Build configuration list for PBXNativeTarget "SwiftfulThinkingConcurrencyUITests" */ = {
			isa = XCConfigurationList;
			buildConfigurations = (
				D04493F72BB2082B00BEF58A /* Debug */,
				D04493F82BB2082B00BEF58A /* Release */,
			);
			defaultConfigurationIsVisible = 0;
			defaultConfigurationName = Release;
		};
/* End XCConfigurationList section */
	};
	rootObject = D04493C42BB2082A00BEF58A /* Project object */;
}
